
Microsoft Visual Studio Solution File, Format Version 12.00
# Visual Studio 15
VisualStudioVersion = 15.0.28307.438
MinimumVisualStudioVersion = 10.0.40219.1
Project("{FAE04EC0-301F-11D3-BF4B-00C04F79EFBC}") = "TimeSheetAPI", "TimeSheetAPI\TimeSheetAPI.csproj", "{7199BD85-9179-4BAF-A013-FA905E7D99C7}"
EndProject
Global
	GlobalSection(SolutionConfigurationPlatforms) = preSolution
		Debug|Any CPU = Debug|Any CPU
		Release|Any CPU = Release|Any CPU
	EndGlobalSection
	GlobalSection(ProjectConfigurationPlatforms) = postSolution
		{7199BD85-9179-4BAF-A013-FA905E7D99C7}.Debug|Any CPU.ActiveCfg = Debug|Any CPU
		{7199BD85-9179-4BAF-A013-FA905E7D99C7}.Debug|Any CPU.Build.0 = Debug|Any CPU
		{7199BD85-9179-4BAF-A013-FA905E7D99C7}.Release|Any CPU.ActiveCfg = Release|Any CPU
		{7199BD85-9179-4BAF-A013-FA905E7D99C7}.Release|Any CPU.Build.0 = Release|Any CPU
	EndGlobalSection
	GlobalSection(SolutionProperties) = preSolution
		HideSolutionNode = FALSE
	EndGlobalSection
	GlobalSection(ExtensibilityGlobals) = postSolution
		SolutionGuid = {F86DEDDF-7C65-4619-8E8F-B26BE84C3CED}
	EndGlobalSection
EndGlobal
